
Microsoft Visual Studio Solution File, Format Version 12.00
# Visual Studio Version 16
VisualStudioVersion = 16.0.29911.84
MinimumVisualStudioVersion = 10.0.40219.1
Project("{FAE04EC0-301F-11D3-BF4B-00C04F79EFBC}") = "NotaControl", "NotaControl\NotaControl.csproj", "{D86C874F-AF3C-456E-AF8D-73D9A1AD49FA}"
EndProject
Global
	GlobalSection(SolutionConfigurationPlatforms) = preSolution
		Debug|Any CPU = Debug|Any CPU
		Release|Any CPU = Release|Any CPU
	EndGlobalSection
	GlobalSection(ProjectConfigurationPlatforms) = postSolution
		{D86C874F-AF3C-456E-AF8D-73D9A1AD49FA}.Debug|Any CPU.ActiveCfg = Debug|Any CPU
		{D86C874F-AF3C-456E-AF8D-73D9A1AD49FA}.Debug|Any CPU.Build.0 = Debug|Any CPU
		{D86C874F-AF3C-456E-AF8D-73D9A1AD49FA}.Release|Any CPU.ActiveCfg = Release|Any CPU
		{D86C874F-AF3C-456E-AF8D-73D9A1AD49FA}.Release|Any CPU.Build.0 = Release|Any CPU
	EndGlobalSection
	GlobalSection(SolutionProperties) = preSolution
		HideSolutionNode = FALSE
	EndGlobalSection
	GlobalSection(ExtensibilityGlobals) = postSolution
		SolutionGuid = {8EF7AEF0-877A-4BBC-B120-63EF4D40454E}
	EndGlobalSection
EndGlobal
